
Microsoft Visual Studio Solution File, Format Version 12.00
# Visual Studio Version 17
VisualStudioVersion = 17.14.36518.9
MinimumVisualStudioVersion = 10.0.40219.1
Project("{2150E333-8FDC-42A3-9474-1A3956D46DE8}") = "behaviorals", "behaviorals", "{02EA681E-C7D8-13C7-8484-4AC65E1B71E8}"
EndProject
Project("{2150E333-8FDC-42A3-9474-1A3956D46DE8}") = "structurals", "structurals", "{9FB1CD6F-66AD-47F3-A1D2-EEE8FD7AE74D}"
EndProject
Project("{2150E333-8FDC-42A3-9474-1A3956D46DE8}") = "creationals", "creationals", "{3915DC5A-50E7-40E6-91BB-48E59A6492D2}"
EndProject
Project("{FAE04EC0-301F-11D3-BF4B-00C04F79EFBC}") = "Strategy", "behaviorals\Strategy\Strategy.csproj", "{041ACE0B-1D2A-4B03-9AE3-B9AC9DEB9FE1}"
EndProject
Project("{FAE04EC0-301F-11D3-BF4B-00C04F79EFBC}") = "Builder", "creationals\Builder\Builder.csproj", "{5834EF13-1983-4608-A9B4-B2CBA16970A3}"
EndProject
Project("{FAE04EC0-301F-11D3-BF4B-00C04F79EFBC}") = "Decorator", "structurals\Decorator\Decorator.csproj", "{62B80F14-D10C-4F7F-AD7D-44DFDBB9F7A5}"
EndProject
Project("{FAE04EC0-301F-11D3-BF4B-00C04F79EFBC}") = "Proxy", "structurals\Proxy\Proxy.csproj", "{9CC6145E-F082-45E5-A29F-8D93B65E08EE}"
EndProject
Project("{FAE04EC0-301F-11D3-BF4B-00C04F79EFBC}") = "Singleton", "creationals\Singleton\Singleton.csproj", "{A6D90466-A8DD-4A77-98BB-DE6F32A55D46}"
EndProject
Project("{FAE04EC0-301F-11D3-BF4B-00C04F79EFBC}") = "Factory", "creationals\Factory\Factory.csproj", "{CDF07276-79D1-49AC-85DA-2F3F20C58AEC}"
EndProject
Project("{FAE04EC0-301F-11D3-BF4B-00C04F79EFBC}") = "Abstract.Factory", "creationals\Abstract.Factory\Abstract.Factory.csproj", "{FD7C7DFB-2D4B-4C8B-AF54-786E38C2C9E4}"
EndProject
Project("{FAE04EC0-301F-11D3-BF4B-00C04F79EFBC}") = "Prototype", "creationals\Prototype\Prototype.csproj", "{0D2DCDA3-189E-483B-BD90-2CB2EC61C619}"
EndProject
Project("{FAE04EC0-301F-11D3-BF4B-00C04F79EFBC}") = "Adapter", "structurals\Adapter\Adapter.csproj", "{621E5AF7-E2C1-4E88-8BF7-F7BB9BBDB03F}"
EndProject
Project("{FAE04EC0-301F-11D3-BF4B-00C04F79EFBC}") = "Bridge", "structurals\Bridge\Bridge.csproj", "{21B8C340-6083-400F-BD5F-85B57BC89D6A}"
EndProject
Project("{FAE04EC0-301F-11D3-BF4B-00C04F79EFBC}") = "Composite", "structurals\Composite\Composite.csproj", "{48929970-C27B-4C5A-9F82-1BF57B25574C}"
EndProject
Project("{FAE04EC0-301F-11D3-BF4B-00C04F79EFBC}") = "Facade", "structurals\Facade\Facade.csproj", "{E3D64E41-5171-4158-B23A-6F990CFA65D6}"
EndProject
Project("{FAE04EC0-301F-11D3-BF4B-00C04F79EFBC}") = "Flyweight", "structurals\Flyweight\Flyweight.csproj", "{218BB0E5-A2D3-4DDD-A4F6-F7D9B9201339}"
EndProject
Project("{FAE04EC0-301F-11D3-BF4B-00C04F79EFBC}") = "Chain.Of.Responsability", "behaviorals\Chain.Of.Responsability\Chain.Of.Responsability.csproj", "{484354FD-65C2-4D35-AEAD-F0144891AE78}"
EndProject
Project("{FAE04EC0-301F-11D3-BF4B-00C04F79EFBC}") = "Command", "behaviorals\Command\Command.csproj", "{B11B2150-D7B6-4347-A1D3-510F79B3D338}"
EndProject
Project("{FAE04EC0-301F-11D3-BF4B-00C04F79EFBC}") = "Iterator", "behaviorals\Iterator\Iterator.csproj", "{3F38C5D8-D33F-4DC3-BF45-094A4CCF9D1B}"
EndProject
Project("{FAE04EC0-301F-11D3-BF4B-00C04F79EFBC}") = "Mediator", "behaviorals\Mediator\Mediator.csproj", "{63CF2E3C-E40D-44E1-9BA2-645533592B6A}"
EndProject
Project("{FAE04EC0-301F-11D3-BF4B-00C04F79EFBC}") = "Memento", "behaviorals\Memento\Memento.csproj", "{572A428C-B46D-4C34-8D7B-76B6D395EAFE}"
EndProject
Project("{FAE04EC0-301F-11D3-BF4B-00C04F79EFBC}") = "Observer", "behaviorals\Observer\Observer.csproj", "{699ACCA0-3D23-4298-9BEE-93EA66488738}"
EndProject
Project("{FAE04EC0-301F-11D3-BF4B-00C04F79EFBC}") = "State", "behaviorals\State\State.csproj", "{772240B1-F810-4B11-A6AF-6D90E5CFC1EB}"
EndProject
Project("{FAE04EC0-301F-11D3-BF4B-00C04F79EFBC}") = "Template.Method", "behaviorals\Template.Method\Template.Method.csproj", "{FE8CA339-4F7A-40A1-B30E-EF88C7F20E96}"
EndProject
Project("{FAE04EC0-301F-11D3-BF4B-00C04F79EFBC}") = "Visitor", "behaviorals\Visitor\Visitor.csproj", "{B88840EC-A719-4DAD-9D2F-441733895F9C}"
EndProject
Project("{FAE04EC0-301F-11D3-BF4B-00C04F79EFBC}") = "Interpreter", "behaviorals\Interpreter\Interpreter.csproj", "{CF2CF609-EAC4-4936-83E5-9A9127E40D0F}"
EndProject
Global
	GlobalSection(SolutionConfigurationPlatforms) = preSolution
		Debug|Any CPU = Debug|Any CPU
		Release|Any CPU = Release|Any CPU
	EndGlobalSection
	GlobalSection(ProjectConfigurationPlatforms) = postSolution
		{041ACE0B-1D2A-4B03-9AE3-B9AC9DEB9FE1}.Debug|Any CPU.ActiveCfg = Debug|Any CPU
		{041ACE0B-1D2A-4B03-9AE3-B9AC9DEB9FE1}.Debug|Any CPU.Build.0 = Debug|Any CPU
		{041ACE0B-1D2A-4B03-9AE3-B9AC9DEB9FE1}.Release|Any CPU.ActiveCfg = Release|Any CPU
		{041ACE0B-1D2A-4B03-9AE3-B9AC9DEB9FE1}.Release|Any CPU.Build.0 = Release|Any CPU
		{5834EF13-1983-4608-A9B4-B2CBA16970A3}.Debug|Any CPU.ActiveCfg = Debug|Any CPU
		{5834EF13-1983-4608-A9B4-B2CBA16970A3}.Debug|Any CPU.Build.0 = Debug|Any CPU
		{5834EF13-1983-4608-A9B4-B2CBA16970A3}.Release|Any CPU.ActiveCfg = Release|Any CPU
		{5834EF13-1983-4608-A9B4-B2CBA16970A3}.Release|Any CPU.Build.0 = Release|Any CPU
		{62B80F14-D10C-4F7F-AD7D-44DFDBB9F7A5}.Debug|Any CPU.ActiveCfg = Debug|Any CPU
		{62B80F14-D10C-4F7F-AD7D-44DFDBB9F7A5}.Debug|Any CPU.Build.0 = Debug|Any CPU
		{62B80F14-D10C-4F7F-AD7D-44DFDBB9F7A5}.Release|Any CPU.ActiveCfg = Release|Any CPU
		{62B80F14-D10C-4F7F-AD7D-44DFDBB9F7A5}.Release|Any CPU.Build.0 = Release|Any CPU
		{9CC6145E-F082-45E5-A29F-8D93B65E08EE}.Debug|Any CPU.ActiveCfg = Debug|Any CPU
		{9CC6145E-F082-45E5-A29F-8D93B65E08EE}.Debug|Any CPU.Build.0 = Debug|Any CPU
		{9CC6145E-F082-45E5-A29F-8D93B65E08EE}.Release|Any CPU.ActiveCfg = Release|Any CPU
		{9CC6145E-F082-45E5-A29F-8D93B65E08EE}.Release|Any CPU.Build.0 = Release|Any CPU
		{A6D90466-A8DD-4A77-98BB-DE6F32A55D46}.Debug|Any CPU.ActiveCfg = Debug|Any CPU
		{A6D90466-A8DD-4A77-98BB-DE6F32A55D46}.Debug|Any CPU.Build.0 = Debug|Any CPU
		{A6D90466-A8DD-4A77-98BB-DE6F32A55D46}.Release|Any CPU.ActiveCfg = Release|Any CPU
		{A6D90466-A8DD-4A77-98BB-DE6F32A55D46}.Release|Any CPU.Build.0 = Release|Any CPU
		{CDF07276-79D1-49AC-85DA-2F3F20C58AEC}.Debug|Any CPU.ActiveCfg = Debug|Any CPU
		{CDF07276-79D1-49AC-85DA-2F3F20C58AEC}.Debug|Any CPU.Build.0 = Debug|Any CPU
		{CDF07276-79D1-49AC-85DA-2F3F20C58AEC}.Release|Any CPU.ActiveCfg = Release|Any CPU
		{CDF07276-79D1-49AC-85DA-2F3F20C58AEC}.Release|Any CPU.Build.0 = Release|Any CPU
		{FD7C7DFB-2D4B-4C8B-AF54-786E38C2C9E4}.Debug|Any CPU.ActiveCfg = Debug|Any CPU
		{FD7C7DFB-2D4B-4C8B-AF54-786E38C2C9E4}.Debug|Any CPU.Build.0 = Debug|Any CPU
		{FD7C7DFB-2D4B-4C8B-AF54-786E38C2C9E4}.Release|Any CPU.ActiveCfg = Release|Any CPU
		{FD7C7DFB-2D4B-4C8B-AF54-786E38C2C9E4}.Release|Any CPU.Build.0 = Release|Any CPU
		{0D2DCDA3-189E-483B-BD90-2CB2EC61C619}.Debug|Any CPU.ActiveCfg = Debug|Any CPU
		{0D2DCDA3-189E-483B-BD90-2CB2EC61C619}.Debug|Any CPU.Build.0 = Debug|Any CPU
		{0D2DCDA3-189E-483B-BD90-2CB2EC61C619}.Release|Any CPU.ActiveCfg = Release|Any CPU
		{0D2DCDA3-189E-483B-BD90-2CB2EC61C619}.Release|Any CPU.Build.0 = Release|Any CPU
		{621E5AF7-E2C1-4E88-8BF7-F7BB9BBDB03F}.Debug|Any CPU.ActiveCfg = Debug|Any CPU
		{621E5AF7-E2C1-4E88-8BF7-F7BB9BBDB03F}.Debug|Any CPU.Build.0 = Debug|Any CPU
		{621E5AF7-E2C1-4E88-8BF7-F7BB9BBDB03F}.Release|Any CPU.ActiveCfg = Release|Any CPU
		{621E5AF7-E2C1-4E88-8BF7-F7BB9BBDB03F}.Release|Any CPU.Build.0 = Release|Any CPU
		{21B8C340-6083-400F-BD5F-85B57BC89D6A}.Debug|Any CPU.ActiveCfg = Debug|Any CPU
		{21B8C340-6083-400F-BD5F-85B57BC89D6A}.Debug|Any CPU.Build.0 = Debug|Any CPU
		{21B8C340-6083-400F-BD5F-85B57BC89D6A}.Release|Any CPU.ActiveCfg = Release|Any CPU
		{21B8C340-6083-400F-BD5F-85B57BC89D6A}.Release|Any CPU.Build.0 = Release|Any CPU
		{48929970-C27B-4C5A-9F82-1BF57B25574C}.Debug|Any CPU.ActiveCfg = Debug|Any CPU
		{48929970-C27B-4C5A-9F82-1BF57B25574C}.Debug|Any CPU.Build.0 = Debug|Any CPU
		{48929970-C27B-4C5A-9F82-1BF57B25574C}.Release|Any CPU.ActiveCfg = Release|Any CPU
		{48929970-C27B-4C5A-9F82-1BF57B25574C}.Release|Any CPU.Build.0 = Release|Any CPU
		{E3D64E41-5171-4158-B23A-6F990CFA65D6}.Debug|Any CPU.ActiveCfg = Debug|Any CPU
		{E3D64E41-5171-4158-B23A-6F990CFA65D6}.Debug|Any CPU.Build.0 = Debug|Any CPU
		{E3D64E41-5171-4158-B23A-6F990CFA65D6}.Release|Any CPU.ActiveCfg = Release|Any CPU
		{E3D64E41-5171-4158-B23A-6F990CFA65D6}.Release|Any CPU.Build.0 = Release|Any CPU
		{218BB0E5-A2D3-4DDD-A4F6-F7D9B9201339}.Debug|Any CPU.ActiveCfg = Debug|Any CPU
		{218BB0E5-A2D3-4DDD-A4F6-F7D9B9201339}.Debug|Any CPU.Build.0 = Debug|Any CPU
		{218BB0E5-A2D3-4DDD-A4F6-F7D9B9201339}.Release|Any CPU.ActiveCfg = Release|Any CPU
		{218BB0E5-A2D3-4DDD-A4F6-F7D9B9201339}.Release|Any CPU.Build.0 = Release|Any CPU
		{484354FD-65C2-4D35-AEAD-F0144891AE78}.Debug|Any CPU.ActiveCfg = Debug|Any CPU
		{484354FD-65C2-4D35-AEAD-F0144891AE78}.Debug|Any CPU.Build.0 = Debug|Any CPU
		{484354FD-65C2-4D35-AEAD-F0144891AE78}.Release|Any CPU.ActiveCfg = Release|Any CPU
		{484354FD-65C2-4D35-AEAD-F0144891AE78}.Release|Any CPU.Build.0 = Release|Any CPU
		{B11B2150-D7B6-4347-A1D3-510F79B3D338}.Debug|Any CPU.ActiveCfg = Debug|Any CPU
		{B11B2150-D7B6-4347-A1D3-510F79B3D338}.Debug|Any CPU.Build.0 = Debug|Any CPU
		{B11B2150-D7B6-4347-A1D3-510F79B3D338}.Release|Any CPU.ActiveCfg = Release|Any CPU
		{B11B2150-D7B6-4347-A1D3-510F79B3D338}.Release|Any CPU.Build.0 = Release|Any CPU
		{3F38C5D8-D33F-4DC3-BF45-094A4CCF9D1B}.Debug|Any CPU.ActiveCfg = Debug|Any CPU
		{3F38C5D8-D33F-4DC3-BF45-094A4CCF9D1B}.Debug|Any CPU.Build.0 = Debug|Any CPU
		{3F38C5D8-D33F-4DC3-BF45-094A4CCF9D1B}.Release|Any CPU.ActiveCfg = Release|Any CPU
		{3F38C5D8-D33F-4DC3-BF45-094A4CCF9D1B}.Release|Any CPU.Build.0 = Release|Any CPU
		{63CF2E3C-E40D-44E1-9BA2-645533592B6A}.Debug|Any CPU.ActiveCfg = Debug|Any CPU
		{63CF2E3C-E40D-44E1-9BA2-645533592B6A}.Debug|Any CPU.Build.0 = Debug|Any CPU
		{63CF2E3C-E40D-44E1-9BA2-645533592B6A}.Release|Any CPU.ActiveCfg = Release|Any CPU
		{63CF2E3C-E40D-44E1-9BA2-645533592B6A}.Release|Any CPU.Build.0 = Release|Any CPU
		{572A428C-B46D-4C34-8D7B-76B6D395EAFE}.Debug|Any CPU.ActiveCfg = Debug|Any CPU
		{572A428C-B46D-4C34-8D7B-76B6D395EAFE}.Debug|Any CPU.Build.0 = Debug|Any CPU
		{572A428C-B46D-4C34-8D7B-76B6D395EAFE}.Release|Any CPU.ActiveCfg = Release|Any CPU
		{572A428C-B46D-4C34-8D7B-76B6D395EAFE}.Release|Any CPU.Build.0 = Release|Any CPU
		{699ACCA0-3D23-4298-9BEE-93EA66488738}.Debug|Any CPU.ActiveCfg = Debug|Any CPU
		{699ACCA0-3D23-4298-9BEE-93EA66488738}.Debug|Any CPU.Build.0 = Debug|Any CPU
		{699ACCA0-3D23-4298-9BEE-93EA66488738}.Release|Any CPU.ActiveCfg = Release|Any CPU
		{699ACCA0-3D23-4298-9BEE-93EA66488738}.Release|Any CPU.Build.0 = Release|Any CPU
		{772240B1-F810-4B11-A6AF-6D90E5CFC1EB}.Debug|Any CPU.ActiveCfg = Debug|Any CPU
		{772240B1-F810-4B11-A6AF-6D90E5CFC1EB}.Debug|Any CPU.Build.0 = Debug|Any CPU
		{772240B1-F810-4B11-A6AF-6D90E5CFC1EB}.Release|Any CPU.ActiveCfg = Release|Any CPU
		{772240B1-F810-4B11-A6AF-6D90E5CFC1EB}.Release|Any CPU.Build.0 = Release|Any CPU
		{FE8CA339-4F7A-40A1-B30E-EF88C7F20E96}.Debug|Any CPU.ActiveCfg = Debug|Any CPU
		{FE8CA339-4F7A-40A1-B30E-EF88C7F20E96}.Debug|Any CPU.Build.0 = Debug|Any CPU
		{FE8CA339-4F7A-40A1-B30E-EF88C7F20E96}.Release|Any CPU.ActiveCfg = Release|Any CPU
		{FE8CA339-4F7A-40A1-B30E-EF88C7F20E96}.Release|Any CPU.Build.0 = Release|Any CPU
		{B88840EC-A719-4DAD-9D2F-441733895F9C}.Debug|Any CPU.ActiveCfg = Debug|Any CPU
		{B88840EC-A719-4DAD-9D2F-441733895F9C}.Debug|Any CPU.Build.0 = Debug|Any CPU
		{B88840EC-A719-4DAD-9D2F-441733895F9C}.Release|Any CPU.ActiveCfg = Release|Any CPU
		{B88840EC-A719-4DAD-9D2F-441733895F9C}.Release|Any CPU.Build.0 = Release|Any CPU
		{CF2CF609-EAC4-4936-83E5-9A9127E40D0F}.Debug|Any CPU.ActiveCfg = Debug|Any CPU
		{CF2CF609-EAC4-4936-83E5-9A9127E40D0F}.Debug|Any CPU.Build.0 = Debug|Any CPU
		{CF2CF609-EAC4-4936-83E5-9A9127E40D0F}.Release|Any CPU.ActiveCfg = Release|Any CPU
		{CF2CF609-EAC4-4936-83E5-9A9127E40D0F}.Release|Any CPU.Build.0 = Release|Any CPU
	EndGlobalSection
	GlobalSection(SolutionProperties) = preSolution
		HideSolutionNode = FALSE
	EndGlobalSection
	GlobalSection(NestedProjects) = preSolution
		{041ACE0B-1D2A-4B03-9AE3-B9AC9DEB9FE1} = {02EA681E-C7D8-13C7-8484-4AC65E1B71E8}
		{5834EF13-1983-4608-A9B4-B2CBA16970A3} = {3915DC5A-50E7-40E6-91BB-48E59A6492D2}
		{62B80F14-D10C-4F7F-AD7D-44DFDBB9F7A5} = {9FB1CD6F-66AD-47F3-A1D2-EEE8FD7AE74D}
		{9CC6145E-F082-45E5-A29F-8D93B65E08EE} = {9FB1CD6F-66AD-47F3-A1D2-EEE8FD7AE74D}
		{A6D90466-A8DD-4A77-98BB-DE6F32A55D46} = {3915DC5A-50E7-40E6-91BB-48E59A6492D2}
		{CDF07276-79D1-49AC-85DA-2F3F20C58AEC} = {3915DC5A-50E7-40E6-91BB-48E59A6492D2}
		{FD7C7DFB-2D4B-4C8B-AF54-786E38C2C9E4} = {3915DC5A-50E7-40E6-91BB-48E59A6492D2}
		{0D2DCDA3-189E-483B-BD90-2CB2EC61C619} = {3915DC5A-50E7-40E6-91BB-48E59A6492D2}
		{621E5AF7-E2C1-4E88-8BF7-F7BB9BBDB03F} = {9FB1CD6F-66AD-47F3-A1D2-EEE8FD7AE74D}
		{21B8C340-6083-400F-BD5F-85B57BC89D6A} = {9FB1CD6F-66AD-47F3-A1D2-EEE8FD7AE74D}
		{48929970-C27B-4C5A-9F82-1BF57B25574C} = {9FB1CD6F-66AD-47F3-A1D2-EEE8FD7AE74D}
		{E3D64E41-5171-4158-B23A-6F990CFA65D6} = {9FB1CD6F-66AD-47F3-A1D2-EEE8FD7AE74D}
		{218BB0E5-A2D3-4DDD-A4F6-F7D9B9201339} = {9FB1CD6F-66AD-47F3-A1D2-EEE8FD7AE74D}
		{484354FD-65C2-4D35-AEAD-F0144891AE78} = {02EA681E-C7D8-13C7-8484-4AC65E1B71E8}
		{B11B2150-D7B6-4347-A1D3-510F79B3D338} = {02EA681E-C7D8-13C7-8484-4AC65E1B71E8}
		{3F38C5D8-D33F-4DC3-BF45-094A4CCF9D1B} = {02EA681E-C7D8-13C7-8484-4AC65E1B71E8}
		{63CF2E3C-E40D-44E1-9BA2-645533592B6A} = {02EA681E-C7D8-13C7-8484-4AC65E1B71E8}
		{572A428C-B46D-4C34-8D7B-76B6D395EAFE} = {02EA681E-C7D8-13C7-8484-4AC65E1B71E8}
		{699ACCA0-3D23-4298-9BEE-93EA66488738} = {02EA681E-C7D8-13C7-8484-4AC65E1B71E8}
		{772240B1-F810-4B11-A6AF-6D90E5CFC1EB} = {02EA681E-C7D8-13C7-8484-4AC65E1B71E8}
		{FE8CA339-4F7A-40A1-B30E-EF88C7F20E96} = {02EA681E-C7D8-13C7-8484-4AC65E1B71E8}
		{B88840EC-A719-4DAD-9D2F-441733895F9C} = {02EA681E-C7D8-13C7-8484-4AC65E1B71E8}
		{CF2CF609-EAC4-4936-83E5-9A9127E40D0F} = {02EA681E-C7D8-13C7-8484-4AC65E1B71E8}
	EndGlobalSection
	GlobalSection(ExtensibilityGlobals) = postSolution
		SolutionGuid = {2EF14AE8-11E8-4817-9F7F-754D74121436}
	EndGlobalSection
EndGlobal
